
Microsoft Visual Studio Solution File, Format Version 12.00
# Visual Studio 15
VisualStudioVersion = 15.0.28307.705
MinimumVisualStudioVersion = 10.0.40219.1
Project("{FAE04EC0-301F-11D3-BF4B-00C04F79EFBC}") = "IdentityProject.API", "IdentityProject.API\IdentityProject.API.csproj", "{338E1134-C994-4F3C-9D7F-6A41919C5152}"
EndProject
Global
	GlobalSection(SolutionConfigurationPlatforms) = preSolution
		Debug|Any CPU = Debug|Any CPU
		Release|Any CPU = Release|Any CPU
	EndGlobalSection
	GlobalSection(ProjectConfigurationPlatforms) = postSolution
		{338E1134-C994-4F3C-9D7F-6A41919C5152}.Debug|Any CPU.ActiveCfg = Debug|Any CPU
		{338E1134-C994-4F3C-9D7F-6A41919C5152}.Debug|Any CPU.Build.0 = Debug|Any CPU
		{338E1134-C994-4F3C-9D7F-6A41919C5152}.Release|Any CPU.ActiveCfg = Release|Any CPU
		{338E1134-C994-4F3C-9D7F-6A41919C5152}.Release|Any CPU.Build.0 = Release|Any CPU
	EndGlobalSection
	GlobalSection(SolutionProperties) = preSolution
		HideSolutionNode = FALSE
	EndGlobalSection
	GlobalSection(ExtensibilityGlobals) = postSolution
		SolutionGuid = {2FD45E82-99CC-4EA9-BD21-8CE75C14E85E}
	EndGlobalSection
EndGlobal
